
Microsoft Visual Studio Solution File, Format Version 12.00
# Visual Studio Version 16
VisualStudioVersion = 16.0.31424.327
MinimumVisualStudioVersion = 10.0.40219.1
Project("{9A19103F-16F7-4668-BE54-9A1E7A4F7556}") = "MaxwelliumMod", "MaxwelliumMod.csproj", "{84B1EC3E-2855-48BD-8CD8-7B61F6AFDB1C}"
EndProject
Global
	GlobalSection(SolutionConfigurationPlatforms) = preSolution
		Debug|Any CPU = Debug|Any CPU
		Release|Any CPU = Release|Any CPU
	EndGlobalSection
	GlobalSection(ProjectConfigurationPlatforms) = postSolution
		{84B1EC3E-2855-48BD-8CD8-7B61F6AFDB1C}.Debug|Any CPU.ActiveCfg = Debug|Any CPU
		{84B1EC3E-2855-48BD-8CD8-7B61F6AFDB1C}.Debug|Any CPU.Build.0 = Debug|Any CPU
		{84B1EC3E-2855-48BD-8CD8-7B61F6AFDB1C}.Release|Any CPU.ActiveCfg = Release|Any CPU
		{84B1EC3E-2855-48BD-8CD8-7B61F6AFDB1C}.Release|Any CPU.Build.0 = Release|Any CPU
	EndGlobalSection
	GlobalSection(SolutionProperties) = preSolution
		HideSolutionNode = FALSE
	EndGlobalSection
	GlobalSection(ExtensibilityGlobals) = postSolution
		SolutionGuid = {00605CD3-55C4-4FE0-A277-426B4FAC2E5F}
	EndGlobalSection
EndGlobal
